
Microsoft Visual Studio Solution File, Format Version 12.00
# Visual Studio Version 17
VisualStudioVersion = 17.14.36511.14
MinimumVisualStudioVersion = 10.0.40219.1
Project("{FAE04EC0-301F-11D3-BF4B-00C04F79EFBC}") = "Alx.Repo.Api", "Alx.Repo.Api\Alx.Repo.Api.csproj", "{3ED96CE9-158D-4BFA-920D-134EE2A84CE0}"
EndProject
Project("{FAE04EC0-301F-11D3-BF4B-00C04F79EFBC}") = "Alx.Repo.Application", "Alx.Repo.Application\Alx.Repo.Application.csproj", "{CF3AA00D-FCF5-404C-B955-A661137D9CEA}"
EndProject
Project("{FAE04EC0-301F-11D3-BF4B-00C04F79EFBC}") = "Alx.Repo.Contracts", "Alx.Repo.Contracts\Alx.Repo.Contracts.csproj", "{B91445B4-8117-4BC3-B635-525856337D07}"
EndProject
Global
	GlobalSection(SolutionConfigurationPlatforms) = preSolution
		Debug|Any CPU = Debug|Any CPU
		Release|Any CPU = Release|Any CPU
	EndGlobalSection
	GlobalSection(ProjectConfigurationPlatforms) = postSolution
		{3ED96CE9-158D-4BFA-920D-134EE2A84CE0}.Debug|Any CPU.ActiveCfg = Debug|Any CPU
		{3ED96CE9-158D-4BFA-920D-134EE2A84CE0}.Debug|Any CPU.Build.0 = Debug|Any CPU
		{3ED96CE9-158D-4BFA-920D-134EE2A84CE0}.Release|Any CPU.ActiveCfg = Release|Any CPU
		{3ED96CE9-158D-4BFA-920D-134EE2A84CE0}.Release|Any CPU.Build.0 = Release|Any CPU
		{CF3AA00D-FCF5-404C-B955-A661137D9CEA}.Debug|Any CPU.ActiveCfg = Debug|Any CPU
		{CF3AA00D-FCF5-404C-B955-A661137D9CEA}.Debug|Any CPU.Build.0 = Debug|Any CPU
		{CF3AA00D-FCF5-404C-B955-A661137D9CEA}.Release|Any CPU.ActiveCfg = Release|Any CPU
		{CF3AA00D-FCF5-404C-B955-A661137D9CEA}.Release|Any CPU.Build.0 = Release|Any CPU
		{B91445B4-8117-4BC3-B635-525856337D07}.Debug|Any CPU.ActiveCfg = Debug|Any CPU
		{B91445B4-8117-4BC3-B635-525856337D07}.Debug|Any CPU.Build.0 = Debug|Any CPU
		{B91445B4-8117-4BC3-B635-525856337D07}.Release|Any CPU.ActiveCfg = Release|Any CPU
		{B91445B4-8117-4BC3-B635-525856337D07}.Release|Any CPU.Build.0 = Release|Any CPU
	EndGlobalSection
	GlobalSection(SolutionProperties) = preSolution
		HideSolutionNode = FALSE
	EndGlobalSection
	GlobalSection(ExtensibilityGlobals) = postSolution
		SolutionGuid = {7B1D4989-AA3E-49E3-A405-46D337CB5A07}
	EndGlobalSection
EndGlobal
